
Microsoft Visual Studio Solution File, Format Version 12.00
# Visual Studio Version 16
VisualStudioVersion = 16.0.31321.278
MinimumVisualStudioVersion = 10.0.40219.1
Project("{FAE04EC0-301F-11D3-BF4B-00C04F79EFBC}") = "LegRaycastersPatch", "LegRaycastersPatch\LegRaycastersPatch.csproj", "{DED6B88E-0DD1-4AF8-8AD2-FE8856DE905D}"
EndProject
Global
	GlobalSection(SolutionConfigurationPlatforms) = preSolution
		Debug|Any CPU = Debug|Any CPU
		Release|Any CPU = Release|Any CPU
	EndGlobalSection
	GlobalSection(ProjectConfigurationPlatforms) = postSolution
		{DED6B88E-0DD1-4AF8-8AD2-FE8856DE905D}.Debug|Any CPU.ActiveCfg = Debug|Any CPU
		{DED6B88E-0DD1-4AF8-8AD2-FE8856DE905D}.Debug|Any CPU.Build.0 = Debug|Any CPU
		{DED6B88E-0DD1-4AF8-8AD2-FE8856DE905D}.Release|Any CPU.ActiveCfg = Release|Any CPU
		{DED6B88E-0DD1-4AF8-8AD2-FE8856DE905D}.Release|Any CPU.Build.0 = Release|Any CPU
	EndGlobalSection
	GlobalSection(SolutionProperties) = preSolution
		HideSolutionNode = FALSE
	EndGlobalSection
	GlobalSection(ExtensibilityGlobals) = postSolution
		SolutionGuid = {E2775544-8F79-417C-B172-D46DC2BA0583}
	EndGlobalSection
EndGlobal
